// !$*UTF8*$!
{
	archiveVersion = 1;
	classes = {
	};
	objectVersion = 46;
	objects = {

/* Begin PBXBuildFile section */
		76E8AF2B1BA84F2100561406 /* AppDelegate.swift in Sources */ = {isa = PBXBuildFile; fileRef = 76E8AF2A1BA84F2100561406 /* AppDelegate.swift */; };
		76E8AF2D1BA84F2100561406 /* ViewController.swift in Sources */ = {isa = PBXBuildFile; fileRef = 76E8AF2C1BA84F2100561406 /* ViewController.swift */; };
		76E8AF301BA84F2100561406 /* Main.storyboard in Resources */ = {isa = PBXBuildFile; fileRef = 76E8AF2E1BA84F2100561406 /* Main.storyboard */; };
		76E8AF321BA84F2100561406 /* Images.xcassets in Resources */ = {isa = PBXBuildFile; fileRef = 76E8AF311BA84F2100561406 /* Images.xcassets */; };
		76E8AF351BA84F2100561406 /* LaunchScreen.xib in Resources */ = {isa = PBXBuildFile; fileRef = 76E8AF331BA84F2100561406 /* LaunchScreen.xib */; };
		76E8AF411BA84F2100561406 /* Tap3Tests.swift in Sources */ = {isa = PBXBuildFile; fileRef = 76E8AF401BA84F2100561406 /* Tap3Tests.swift */; };
/* End PBXBuildFile section */

/* Begin PBXContainerItemProxy section */
		76E8AF3B1BA84F2100561406 /* PBXContainerItemProxy */ = {
			isa = PBXContainerItemProxy;
			containerPortal = 76E8AF1D1BA84F2100561406 /* Project object */;
			proxyType = 1;
			remoteGlobalIDString = 76E8AF241BA84F2100561406;
			remoteInfo = Tap3;
		};
/* End PBXContainerItemProxy section */

/* Begin PBXFileReference section */
		76E8AF251BA84F2100561406 /* Tap3.app */ = {isa = PBXFileReference; explicitFileType = wrapper.application; includeInIndex = 0; path = Tap3.app; sourceTree = BUILT_PRODUCTS_DIR; };
		76E8AF291BA84F2100561406 /* Info.plist */ = {isa = PBXFileReference; lastKnownFileType = text.plist.xml; path = Info.plist; sourceTree = "<group>"; };
		76E8AF2A1BA84F2100561406 /* AppDelegate.swift */ = {isa = PBXFileReference; lastKnownFileType = sourcecode.swift; path = AppDelegate.swift; sourceTree = "<group>"; };
		76E8AF2C1BA84F2100561406 /* ViewController.swift */ = {isa = PBXFileReference; lastKnownFileType = sourcecode.swift; path = ViewController.swift; sourceTree = "<group>"; };
		76E8AF2F1BA84F2100561406 /* Base */ = {isa = PBXFileReference; lastKnownFileType = file.storyboard; name = Base; path = Base.lproj/Main.storyboard; sourceTree = "<group>"; };
		76E8AF311BA84F2100561406 /* Images.xcassets */ = {isa = PBXFileReference; lastKnownFileType = folder.assetcatalog; path = Images.xcassets; sourceTree = "<group>"; };
		76E8AF341BA84F2100561406 /* Base */ = {isa = PBXFileReference; lastKnownFileType = file.xib; name = Base; path = Base.lproj/LaunchScreen.xib; sourceTree = "<group>"; };
		76E8AF3A1BA84F2100561406 /* Tap3Tests.xctest */ = {isa = PBXFileReference; explicitFileType = wrapper.cfbundle; includeInIndex = 0; path = Tap3Tests.xctest; sourceTree = BUILT_PRODUCTS_DIR; };
		76E8AF3F1BA84F2100561406 /* Info.plist */ = {isa = PBXFileReference; lastKnownFileType = text.plist.xml; path = Info.plist; sourceTree = "<group>"; };
		76E8AF401BA84F2100561406 /* Tap3Tests.swift */ = {isa = PBXFileReference; lastKnownFileType = sourcecode.swift; path = Tap3Tests.swift; sourceTree = "<group>"; };
/* End PBXFileReference section */

/* Begin PBXFrameworksBuildPhase section */
		76E8AF221BA84F2100561406 /* Frameworks */ = {
			isa = PBXFrameworksBuildPhase;
			buildActionMask = 2147483647;
			files = (
			);
			runOnlyForDeploymentPostprocessing = 0;
		};
		76E8AF371BA84F2100561406 /* Frameworks */ = {
			isa = PBXFrameworksBuildPhase;
			buildActionMask = 2147483647;
			files = (
			);
			runOnlyForDeploymentPostprocessing = 0;
		};
/* End PBXFrameworksBuildPhase section */

/* Begin PBXGroup section */
		76E8AF1C1BA84F2100561406 = {
			isa = PBXGroup;
			children = (
				76E8AF271BA84F2100561406 /* Tap3 */,
				76E8AF3D1BA84F2100561406 /* Tap3Tests */,
				76E8AF261BA84F2100561406 /* Products */,
			);
			sourceTree = "<group>";
		};
		76E8AF261BA84F2100561406 /* Products */ = {
			isa = PBXGroup;
			children = (
				76E8AF251BA84F2100561406 /* Tap3.app */,
				76E8AF3A1BA84F2100561406 /* Tap3Tests.xctest */,
			);
			name = Products;
			sourceTree = "<group>";
		};
		76E8AF271BA84F2100561406 /* Tap3 */ = {
			isa = PBXGroup;
			children = (
				76E8AF2A1BA84F2100561406 /* AppDelegate.swift */,
				76E8AF2C1BA84F2100561406 /* ViewController.swift */,
				76E8AF2E1BA84F2100561406 /* Main.storyboard */,
				76E8AF311BA84F2100561406 /* Images.xcassets */,
				76E8AF331BA84F2100561406 /* LaunchScreen.xib */,
				76E8AF281BA84F2100561406 /* Supporting Files */,
			);
			path = Tap3;
			sourceTree = "<group>";
		};
		76E8AF281BA84F2100561406 /* Supporting Files */ = {
			isa = PBXGroup;
			children = (
				76E8AF291BA84F2100561406 /* Info.plist */,
			);
			name = "Supporting Files";
			sourceTree = "<group>";
		};
		76E8AF3D1BA84F2100561406 /* Tap3Tests */ = {
			isa = PBXGroup;
			children = (
				76E8AF401BA84F2100561406 /* Tap3Tests.swift */,
				76E8AF3E1BA84F2100561406 /* Supporting Files */,
			);
			path = Tap3Tests;
			sourceTree = "<group>";
		};
		76E8AF3E1BA84F2100561406 /* Supporting Files */ = {
			isa = PBXGroup;
			children = (
				76E8AF3F1BA84F2100561406 /* Info.plist */,
			);
			name = "Supporting Files";
			sourceTree = "<group>";
		};
/* End PBXGroup section */

/* Begin PBXNativeTarget section */
		76E8AF241BA84F2100561406 /* Tap3 */ = {
			isa = PBXNativeTarget;
			buildConfigurationList = 76E8AF441BA84F2100561406 /* Build configuration list for PBXNativeTarget "Tap3" */;
			buildPhases = (
				76E8AF211BA84F2100561406 /* Sources */,
				76E8AF221BA84F2100561406 /* Frameworks */,
				76E8AF231BA84F2100561406 /* Resources */,
			);
			buildRules = (
			);
			dependencies = (
			);
			name = Tap3;
			productName = Tap3;
			productReference = 76E8AF251BA84F2100561406 /* Tap3.app */;
			productType = "com.apple.product-type.application";
		};
		76E8AF391BA84F2100561406 /* Tap3Tests */ = {
			isa = PBXNativeTarget;
			buildConfigurationList = 76E8AF471BA84F2100561406 /* Build configuration list for PBXNativeTarget "Tap3Tests" */;
			buildPhases = (
				76E8AF361BA84F2100561406 /* Sources */,
				76E8AF371BA84F2100561406 /* Frameworks */,
				76E8AF381BA84F2100561406 /* Resources */,
			);
			buildRules = (
			);
			dependencies = (
				76E8AF3C1BA84F2100561406 /* PBXTargetDependency */,
			);
			name = Tap3Tests;
			productName = Tap3Tests;
			productReference = 76E8AF3A1BA84F2100561406 /* Tap3Tests.xctest */;
			productType = "com.apple.product-type.bundle.unit-test";
		};
/* End PBXNativeTarget section */

/* Begin PBXProject section */
		76E8AF1D1BA84F2100561406 /* Project object */ = {
			isa = PBXProject;
			attributes = {
				LastUpgradeCheck = 0640;
				ORGANIZATIONNAME = "michael adams";
				TargetAttributes = {
					76E8AF241BA84F2100561406 = {
						CreatedOnToolsVersion = 6.4;
					};
					76E8AF391BA84F2100561406 = {
						CreatedOnToolsVersion = 6.4;
						TestTargetID = 76E8AF241BA84F2100561406;
					};
				};
			};
			buildConfigurationList = 76E8AF201BA84F2100561406 /* Build configuration list for PBXProject "Tap3" */;
			compatibilityVersion = "Xcode 3.2";
			developmentRegion = English;
			hasScannedForEncodings = 0;
			knownRegions = (
				en,
				Base,
			);
			mainGroup = 76E8AF1C1BA84F2100561406;
			productRefGroup = 76E8AF261BA84F2100561406 /* Products */;
			projectDirPath = "";
			projectRoot = "";
			targets = (
				76E8AF241BA84F2100561406 /* Tap3 */,
				76E8AF391BA84F2100561406 /* Tap3Tests */,
			);
		};
/* End PBXProject section */

/* Begin PBXResourcesBuildPhase section */
		76E8AF231BA84F2100561406 /* Resources */ = {
			isa = PBXResourcesBuildPhase;
			buildActionMask = 2147483647;
			files = (
				76E8AF301BA84F2100561406 /* Main.storyboard in Resources */,
				76E8AF351BA84F2100561406 /* LaunchScreen.xib in Resources */,
				76E8AF321BA84F2100561406 /* Images.xcassets in Resources */,
			);
			runOnlyForDeploymentPostprocessing = 0;
		};
		76E8AF381BA84F2100561406 /* Resources */ = {
			isa = PBXResourcesBuildPhase;
			buildActionMask = 2147483647;
			files = (
			);
			runOnlyForDeploymentPostprocessing = 0;
		};
/* End PBXResourcesBuildPhase section */

/* Begin PBXSourcesBuildPhase section */
		76E8AF211BA84F2100561406 /* Sources */ = {
			isa = PBXSourcesBuildPhase;
			buildActionMask = 2147483647;
			files = (
				76E8AF2D1BA84F2100561406 /* ViewController.swift in Sources */,
				76E8AF2B1BA84F2100561406 /* AppDelegate.swift in Sources */,
			);
			runOnlyForDeploymentPostprocessing = 0;
		};
		76E8AF361BA84F2100561406 /* Sources */ = {
			isa = PBXSourcesBuildPhase;
			buildActionMask = 2147483647;
			files = (
				76E8AF411BA84F2100561406 /* Tap3Tests.swift in Sources */,
			);
			runOnlyForDeploymentPostprocessing = 0;
		};
/* End PBXSourcesBuildPhase section */

/* Begin PBXTargetDependency section */
		76E8AF3C1BA84F2100561406 /* PBXTargetDependency */ = {
			isa = PBXTargetDependency;
			target = 76E8AF241BA84F2100561406 /* Tap3 */;
			targetProxy = 76E8AF3B1BA84F2100561406 /* PBXContainerItemProxy */;
		};
/* End PBXTargetDependency section */

/* Begin PBXVariantGroup section */
		76E8AF2E1BA84F2100561406 /* Main.storyboard */ = {
			isa = PBXVariantGroup;
			children = (
				76E8AF2F1BA84F2100561406 /* Base */,
			);
			name = Main.storyboard;
			sourceTree = "<group>";
		};
		76E8AF331BA84F2100561406 /* LaunchScreen.xib */ = {
			isa = PBXVariantGroup;
			children = (
				76E8AF341BA84F2100561406 /* Base */,
			);
			name = LaunchScreen.xib;
			sourceTree = "<group>";
		};
/* End PBXVariantGroup section */

/* Begin XCBuildConfiguration section */
		76E8AF421BA84F2100561406 /* Debug */ = {
			isa = XCBuildConfiguration;
			buildSettings = {
				ALWAYS_SEARCH_USER_PATHS = NO;
				CLANG_CXX_LANGUAGE_STANDARD = "gnu++0x";
				CLANG_CXX_LIBRARY = "libc++";
				CLANG_ENABLE_MODULES = YES;
				CLANG_ENABLE_OBJC_ARC = YES;
				CLANG_WARN_BOOL_CONVERSION = YES;
				CLANG_WARN_CONSTANT_CONVERSION = YES;
				CLANG_WARN_DIRECT_OBJC_ISA_USAGE = YES_ERROR;
				CLANG_WARN_EMPTY_BODY = YES;
				CLANG_WARN_ENUM_CONVERSION = YES;
				CLANG_WARN_INT_CONVERSION = YES;
				CLANG_WARN_OBJC_ROOT_CLASS = YES_ERROR;
				CLANG_WARN_UNREACHABLE_CODE = YES;
				CLANG_WARN__DUPLICATE_METHOD_MATCH = YES;
				"CODE_SIGN_IDENTITY[sdk=iphoneos*]" = "iPhone Developer";
				COPY_PHASE_STRIP = NO;
				DEBUG_INFORMATION_FORMAT = "dwarf-with-dsym";
				ENABLE_STRICT_OBJC_MSGSEND = YES;
				GCC_C_LANGUAGE_STANDARD = gnu99;
				GCC_DYNAMIC_NO_PIC = NO;
				GCC_NO_COMMON_BLOCKS = YES;
				GCC_OPTIMIZATION_LEVEL = 0;
				GCC_PREPROCESSOR_DEFINITIONS = (
					"DEBUG=1",
					"$(inherited)",
				);
				GCC_SYMBOLS_PRIVATE_EXTERN = NO;
				GCC_WARN_64_TO_32_BIT_CONVERSION = YES;
				GCC_WARN_ABOUT_RETURN_TYPE = YES_ERROR;
				GCC_WARN_UNDECLARED_SELECTOR = YES;
				GCC_WARN_UNINITIALIZED_AUTOS = YES_AGGRESSIVE;
				GCC_WARN_UNUSED_FUNCTION = YES;
				GCC_WARN_UNUSED_VARIABLE = YES;
				IPHONEOS_DEPLOYMENT_TARGET = 8.4;
				MTL_ENABLE_DEBUG_INFO = YES;
				ONLY_ACTIVE_ARCH = YES;
				SDKROOT = iphoneos;
				SWIFT_OPTIMIZATION_LEVEL = "-Onone";
			};
			name = Debug;
		};
		76E8AF431BA84F2100561406 /* Release */ = {
			isa = XCBuildConfiguration;
			buildSettings = {
				ALWAYS_SEARCH_USER_PATHS = NO;
				CLANG_CXX_LANGUAGE_STANDARD = "gnu++0x";
				CLANG_CXX_LIBRARY = "libc++";
				CLANG_ENABLE_MODULES = YES;
				CLANG_ENABLE_OBJC_ARC = YES;
				CLANG_WARN_BOOL_CONVERSION = YES;
				CLANG_WARN_CONSTANT_CONVERSION = YES;
				CLANG_WARN_DIRECT_OBJC_ISA_USAGE = YES_ERROR;
				CLANG_WARN_EMPTY_BODY = YES;
				CLANG_WARN_ENUM_CONVERSION = YES;
				CLANG_WARN_INT_CONVERSION = YES;
				CLANG_WARN_OBJC_ROOT_CLASS = YES_ERROR;
				CLANG_WARN_UNREACHABLE_CODE = YES;
				CLANG_WARN__DUPLICATE_METHOD_MATCH = YES;
				"CODE_SIGN_IDENTITY[sdk=iphoneos*]" = "iPhone Developer";
				COPY_PHASE_STRIP = NO;
				DEBUG_INFORMATION_FORMAT = "dwarf-with-dsym";
				ENABLE_NS_ASSERTIONS = NO;
				ENABLE_STRICT_OBJC_MSGSEND = YES;
				GCC_C_LANGUAGE_STANDARD = gnu99;
				GCC_NO_COMMON_BLOCKS = YES;
				GCC_WARN_64_TO_32_BIT_CONVERSION = YES;
				GCC_WARN_ABOUT_RETURN_TYPE = YES_ERROR;
				GCC_WARN_UNDECLARED_SELECTOR = YES;
				GCC_WARN_UNINITIALIZED_AUTOS = YES_AGGRESSIVE;
				GCC_WARN_UNUSED_FUNCTION = YES;
				GCC_WARN_UNUSED_VARIABLE = YES;
				IPHONEOS_DEPLOYMENT_TARGET = 8.4;
				MTL_ENABLE_DEBUG_INFO = NO;
				SDKROOT = iphoneos;
				VALIDATE_PRODUCT = YES;
			};
			name = Release;
		};
		76E8AF451BA84F2100561406 /* Debug */ = {
			isa = XCBuildConfiguration;
			buildSettings = {
				ASSETCATALOG_COMPILER_APPICON_NAME = AppIcon;
				INFOPLIST_FILE = Tap3/Info.plist;
				LD_RUNPATH_SEARCH_PATHS = "$(inherited) @executable_path/Frameworks";
				PRODUCT_NAME = "$(TARGET_NAME)";
			};
			name = Debug;
		};
		76E8AF461BA84F2100561406 /* Release */ = {
			isa = XCBuildConfiguration;
			buildSettings = {
				ASSETCATALOG_COMPILER_APPICON_NAME = AppIcon;
				INFOPLIST_FILE = Tap3/Info.plist;
				LD_RUNPATH_SEARCH_PATHS = "$(inherited) @executable_path/Frameworks";
				PRODUCT_NAME = "$(TARGET_NAME)";
			};
			name = Release;
		};
		76E8AF481BA84F2100561406 /* Debug */ = {
			isa = XCBuildConfiguration;
			buildSettings = {
				BUNDLE_LOADER = "$(TEST_HOST)";
				FRAMEWORK_SEARCH_PATHS = (
					"$(SDKROOT)/Developer/Library/Frameworks",
					"$(inherited)",
				);
				GCC_PREPROCESSOR_DEFINITIONS = (
					"DEBUG=1",
					"$(inherited)",
				);
				INFOPLIST_FILE = Tap3Tests/Info.plist;
				LD_RUNPATH_SEARCH_PATHS = "$(inherited) @executable_path/Frameworks @loader_path/Frameworks";
				PRODUCT_NAME = "$(TARGET_NAME)";
				TEST_HOST = "$(BUILT_PRODUCTS_DIR)/Tap3.app/Tap3";
			};
			name = Debug;
		};
		76E8AF491BA84F2100561406 /* Release */ = {
			isa = XCBuildConfiguration;
			buildSettings = {
				BUNDLE_LOADER = "$(TEST_HOST)";
				FRAMEWORK_SEARCH_PATHS = (
					"$(SDKROOT)/Developer/Library/Frameworks",
					"$(inherited)",
				);
				INFOPLIST_FILE = Tap3Tests/Info.plist;
				LD_RUNPATH_SEARCH_PATHS = "$(inherited) @executable_path/Frameworks @loader_path/Frameworks";
				PRODUCT_NAME = "$(TARGET_NAME)";
				TEST_HOST = "$(BUILT_PRODUCTS_DIR)/Tap3.app/Tap3";
			};
			name = Release;
		};
/* End XCBuildConfiguration section */

/* Begin XCConfigurationList section */
		76E8AF201BA84F2100561406 /* Build configuration list for PBXProject "Tap3" */ = {
			isa = XCConfigurationList;
			buildConfigurations = (
				76E8AF421BA84F2100561406 /* Debug */,
				76E8AF431BA84F2100561406 /* Release */,
			);
			defaultConfigurationIsVisible = 0;
			defaultConfigurationName = Release;
		};
		76E8AF441BA84F2100561406 /* Build configuration list for PBXNativeTarget "Tap3" */ = {
			isa = XCConfigurationList;
			buildConfigurations = (
				76E8AF451BA84F2100561406 /* Debug */,
				76E8AF461BA84F2100561406 /* Release */,
			);
			defaultConfigurationIsVisible = 0;
		};
		76E8AF471BA84F2100561406 /* Build configuration list for PBXNativeTarget "Tap3Tests" */ = {
			isa = XCConfigurationList;
			buildConfigurations = (
				76E8AF481BA84F2100561406 /* Debug */,
				76E8AF491BA84F2100561406 /* Release */,
			);
			defaultConfigurationIsVisible = 0;
		};
/* End XCConfigurationList section */
	};
	rootObject = 76E8AF1D1BA84F2100561406 /* Project object */;
}
